
Microsoft Visual Studio Solution File, Format Version 12.00
# Visual Studio Version 17
VisualStudioVersion = 17.14.36408.4 d17.14
MinimumVisualStudioVersion = 10.0.40219.1
Project("{FAE04EC0-301F-11D3-BF4B-00C04F79EFBC}") = "feature", "feature.csproj", "{52387D8B-34D2-4678-A7F1-296791B4CB2F}"
EndProject
Global
	GlobalSection(SolutionConfigurationPlatforms) = preSolution
		Debug|Any CPU = Debug|Any CPU
		Release|Any CPU = Release|Any CPU
	EndGlobalSection
	GlobalSection(ProjectConfigurationPlatforms) = postSolution
		{52387D8B-34D2-4678-A7F1-296791B4CB2F}.Debug|Any CPU.ActiveCfg = Debug|Any CPU
		{52387D8B-34D2-4678-A7F1-296791B4CB2F}.Debug|Any CPU.Build.0 = Debug|Any CPU
		{52387D8B-34D2-4678-A7F1-296791B4CB2F}.Release|Any CPU.ActiveCfg = Release|Any CPU
		{52387D8B-34D2-4678-A7F1-296791B4CB2F}.Release|Any CPU.Build.0 = Release|Any CPU
	EndGlobalSection
	GlobalSection(SolutionProperties) = preSolution
		HideSolutionNode = FALSE
	EndGlobalSection
	GlobalSection(ExtensibilityGlobals) = postSolution
		SolutionGuid = {37F43C15-18E5-4EE1-A11C-529A7ADEB985}
	EndGlobalSection
EndGlobal
